
Microsoft Visual Studio Solution File, Format Version 12.00
# Visual Studio Version 16
VisualStudioVersion = 16.0.31019.35
MinimumVisualStudioVersion = 10.0.40219.1
Project("{FAE04EC0-301F-11D3-BF4B-00C04F79EFBC}") = "getFrontWindow", "getFrontWindow.csproj", "{CF690164-9F98-4538-A9DE-1FC05F47E3B6}"
EndProject
Global
	GlobalSection(SolutionConfigurationPlatforms) = preSolution
		Debug|Any CPU = Debug|Any CPU
		Debug|x64 = Debug|x64
		Release|Any CPU = Release|Any CPU
		Release|x64 = Release|x64
	EndGlobalSection
	GlobalSection(ProjectConfigurationPlatforms) = postSolution
		{CF690164-9F98-4538-A9DE-1FC05F47E3B6}.Debug|Any CPU.ActiveCfg = Debug|Any CPU
		{CF690164-9F98-4538-A9DE-1FC05F47E3B6}.Debug|Any CPU.Build.0 = Debug|Any CPU
		{CF690164-9F98-4538-A9DE-1FC05F47E3B6}.Debug|x64.ActiveCfg = Debug|x64
		{CF690164-9F98-4538-A9DE-1FC05F47E3B6}.Debug|x64.Build.0 = Debug|x64
		{CF690164-9F98-4538-A9DE-1FC05F47E3B6}.Release|Any CPU.ActiveCfg = Release|Any CPU
		{CF690164-9F98-4538-A9DE-1FC05F47E3B6}.Release|Any CPU.Build.0 = Release|Any CPU
		{CF690164-9F98-4538-A9DE-1FC05F47E3B6}.Release|x64.ActiveCfg = Release|x64
		{CF690164-9F98-4538-A9DE-1FC05F47E3B6}.Release|x64.Build.0 = Release|x64
	EndGlobalSection
	GlobalSection(SolutionProperties) = preSolution
		HideSolutionNode = FALSE
	EndGlobalSection
	GlobalSection(ExtensibilityGlobals) = postSolution
		SolutionGuid = {3402D6C8-BF75-48CE-917C-95395B55BB09}
	EndGlobalSection
EndGlobal
