
Microsoft Visual Studio Solution File, Format Version 12.00
# Visual Studio Version 17
VisualStudioVersion = 17.8.34330.188
MinimumVisualStudioVersion = 10.0.40219.1
Project("{9A19103F-16F7-4668-BE54-9A1E7A4F7556}") = "GetData2", "GetData2.csproj", "{B79C1747-4265-4CAE-974D-ED40C9ADE13D}"
EndProject
Global
	GlobalSection(SolutionConfigurationPlatforms) = preSolution
		Debug|Any CPU = Debug|Any CPU
		Debug|x64 = Debug|x64
		Release|Any CPU = Release|Any CPU
		Release|x64 = Release|x64
	EndGlobalSection
	GlobalSection(ProjectConfigurationPlatforms) = postSolution
		{B79C1747-4265-4CAE-974D-ED40C9ADE13D}.Debug|Any CPU.ActiveCfg = Debug|Any CPU
		{B79C1747-4265-4CAE-974D-ED40C9ADE13D}.Debug|Any CPU.Build.0 = Debug|Any CPU
		{B79C1747-4265-4CAE-974D-ED40C9ADE13D}.Debug|x64.ActiveCfg = Debug|x64
		{B79C1747-4265-4CAE-974D-ED40C9ADE13D}.Debug|x64.Build.0 = Debug|x64
		{B79C1747-4265-4CAE-974D-ED40C9ADE13D}.Release|Any CPU.ActiveCfg = Release|Any CPU
		{B79C1747-4265-4CAE-974D-ED40C9ADE13D}.Release|Any CPU.Build.0 = Release|Any CPU
		{B79C1747-4265-4CAE-974D-ED40C9ADE13D}.Release|x64.ActiveCfg = Release|x64
		{B79C1747-4265-4CAE-974D-ED40C9ADE13D}.Release|x64.Build.0 = Release|x64
	EndGlobalSection
	GlobalSection(SolutionProperties) = preSolution
		HideSolutionNode = FALSE
	EndGlobalSection
	GlobalSection(ExtensibilityGlobals) = postSolution
		SolutionGuid = {E42E952A-7169-43D1-A9F0-1A472331CF34}
	EndGlobalSection
EndGlobal
